
Microsoft Visual Studio Solution File, Format Version 12.00
# Visual Studio Version 16
VisualStudioVersion = 16.0.810.25
MinimumVisualStudioVersion = 10.0.40219.1
Project("{FAE04EC0-301F-11D3-BF4B-00C04F79EFBC}") = "myconsoleapp", "myconsoleapp\myconsoleapp.csproj", "{B925999C-7674-4C7F-B201-F60912716B5F}"
EndProject
Project("{FAE04EC0-301F-11D3-BF4B-00C04F79EFBC}") = "Class_and_Object", "Class_and_Object\Class_and_Object.csproj", "{01E7D5CB-BB47-4D67-87F9-45496A8CC354}"
EndProject
Project("{FAE04EC0-301F-11D3-BF4B-00C04F79EFBC}") = "AbstractDemo", "Abstract\AbstractDemo.csproj", "{664A51C7-0DAD-4A35-9286-42747B44E91D}"
EndProject
Global
	GlobalSection(SolutionConfigurationPlatforms) = preSolution
		Debug|Any CPU = Debug|Any CPU
		Release|Any CPU = Release|Any CPU
	EndGlobalSection
	GlobalSection(ProjectConfigurationPlatforms) = postSolution
		{B925999C-7674-4C7F-B201-F60912716B5F}.Debug|Any CPU.ActiveCfg = Debug|Any CPU
		{B925999C-7674-4C7F-B201-F60912716B5F}.Debug|Any CPU.Build.0 = Debug|Any CPU
		{B925999C-7674-4C7F-B201-F60912716B5F}.Release|Any CPU.ActiveCfg = Release|Any CPU
		{B925999C-7674-4C7F-B201-F60912716B5F}.Release|Any CPU.Build.0 = Release|Any CPU
		{01E7D5CB-BB47-4D67-87F9-45496A8CC354}.Debug|Any CPU.ActiveCfg = Debug|Any CPU
		{01E7D5CB-BB47-4D67-87F9-45496A8CC354}.Debug|Any CPU.Build.0 = Debug|Any CPU
		{01E7D5CB-BB47-4D67-87F9-45496A8CC354}.Release|Any CPU.ActiveCfg = Release|Any CPU
		{01E7D5CB-BB47-4D67-87F9-45496A8CC354}.Release|Any CPU.Build.0 = Release|Any CPU
		{664A51C7-0DAD-4A35-9286-42747B44E91D}.Debug|Any CPU.ActiveCfg = Debug|Any CPU
		{664A51C7-0DAD-4A35-9286-42747B44E91D}.Debug|Any CPU.Build.0 = Debug|Any CPU
		{664A51C7-0DAD-4A35-9286-42747B44E91D}.Release|Any CPU.ActiveCfg = Release|Any CPU
		{664A51C7-0DAD-4A35-9286-42747B44E91D}.Release|Any CPU.Build.0 = Release|Any CPU
	EndGlobalSection
	GlobalSection(SolutionProperties) = preSolution
		HideSolutionNode = FALSE
	EndGlobalSection
	GlobalSection(ExtensibilityGlobals) = postSolution
		SolutionGuid = {1F2E65AB-C5B3-440A-9A3B-B05CBF41FA34}
	EndGlobalSection
EndGlobal
